{
  "requires": true,
  "lockfileVersion": 1,
  "dependencies": {
    "three": {
      "version": "0.105.2",
      "resolved": "https://registry.npmjs.org/three/-/three-0.105.2.tgz",
      "integrity": "sha512-L3Al37k4g3hVbgFFS251UVtIc25chhyN0/RvXzR0C+uIBToV6EKDG+MZzEXm9L2miGUVMK27W46/VkP6WUZXMg=="
    },
    "vue": {
      "version": "2.6.10",
      "resolved": "https://registry.npmjs.org/vue/-/vue-2.6.10.tgz",
      "integrity": "sha512-ImThpeNU9HbdZL3utgMCq0oiMzAkt1mcgy3/E6zWC/G6AaQoeuFdsl9nDhTDU3X1R6FK7nsIUuRACVcjI+A2GQ=="
    },
    "vue-3d-model": {
      "version": "1.1.1",
      "resolved": "https://registry.npmjs.org/vue-3d-model/-/vue-3d-model-1.1.1.tgz",
      "integrity": "sha512-JiFps3Uiho2wHtcapx+WwuTIxGHZXYsrOdG+T9bEy12FtNQcAo/JN58pG+RyChi8DUphnZXBt+XeeZLbeDz/jA==",
      "requires": {
        "three": "^0.105.2"
      }
    }
  }
}
